github.com/go-ruby-ostruct/ostruct v0.0.0-20260630080835-69fcd87e76bf h1:W5Itep0ISPPujTPpHk86NVfbk+wwQ/qvI/Jq/CEpBrw=
github.com/go-ruby-ostruct/ostruct v0.0.0-20260630080835-69fcd87e76bf/go.mod h1:WkHaYzJJba7jbtNmSXYztEF9tPOWgUv32ox47v1+AZc=
github.com/go-ruby-ostruct/ostruct v0.0.0-20260703201707-76bfb7740a23 h1:ZmwRrgpOeNw/WmktdPHB9UrwPL0E4wzHaauPnVbqAM4=
github.com/go-ruby-ostruct/ostruct v0.0.0-20260703201707-76bfb7740a23/go.mod h1:WkHaYzJJba7jbtNmSXYztEF9tPOWgUv32ox47v1+AZc=
github.com/go-ruby-ostruct/ostruct v0.0.0-20260709090006-a9cf6e73ea97 h1:qKEa0LH32277uy3xCfqhiz4dxMjBBilpP4j8v2h6Aj0=
github.com/go-ruby-ostruct/ostruct v0.0.0-20260709090006-a9cf6e73ea97/go.mod h1:WkHaYzJJba7jbtNmSXYztEF9tPOWgUv32ox47v1+AZc=
